github.com/jonathanhecl/gollama v1.0.13 h1:VSy0Dca9tbSe3V22mMIF9tz5/k/C+EupkqI3jatotTM=
github.com/jonathanhecl/gollama v1.0.13/go.mod h1:NSNoKEtDf/MpGN7zK/BM87Zcmrv7tE6kzJ29vKzYMhE=
github.com/jonathanhecl/gollama v1.0.15 h1:ZSQF/esd4lG/QczUwBQhPGaXMWhjPO61aWaV1pUjgLs=
github.com/jonathanhecl/gollama v1.0.15/go.mod h1:NSNoKEtDf/MpGN7zK/BM87Zcmrv7tE6kzJ29vKzYMhE=
