github.com/jonathanhecl/chunker v0.0.1 h1:PlQO5LFwbTJWp8Q1H3aD+qZgUTLGJsllSLUZ6QcDkaE=
github.com/jonathanhecl/chunker v0.0.1/go.mod h1:yQtRleiz4mPLSmRDJ4MRrG4YxZksl4uA+D1OLgM4pxI=
github.com/jonathanhecl/gollama v1.0.17 h1:+fBQV+Qn//2d3b95gYykJkAnt5JC/SbTQ7YqoptONxs=
github.com/jonathanhecl/gollama v1.0.17/go.mod h1:NSNoKEtDf/MpGN7zK/BM87Zcmrv7tE6kzJ29vKzYMhE=
