github.com/jonathanhecl/chunker v0.0.1 h1:PlQO5LFwbTJWp8Q1H3aD+qZgUTLGJsllSLUZ6QcDkaE=
github.com/jonathanhecl/chunker v0.0.1/go.mod h1:yQtRleiz4mPLSmRDJ4MRrG4YxZksl4uA+D1OLgM4pxI=
github.com/jonathanhecl/gollama v1.0.12 h1:870/yk31qvBNg+cUDinBbeDdmg9vPywrCeTvilWiNX4=
github.com/jonathanhecl/gollama v1.0.12/go.mod h1:NSNoKEtDf/MpGN7zK/BM87Zcmrv7tE6kzJ29vKzYMhE=
github.com/jonathanhecl/gollama v1.0.13 h1:VSy0Dca9tbSe3V22mMIF9tz5/k/C+EupkqI3jatotTM=
github.com/jonathanhecl/gollama v1.0.13/go.mod h1:NSNoKEtDf/MpGN7zK/BM87Zcmrv7tE6kzJ29vKzYMhE=
